[[package]]
name = "async-timeout"
version = "3.0.1"
description = "Timeout context manager for asyncio programs"
category = "main"
optional = false
python-versions = ">=3.5.3"

[[package]]
name = "attrs"
version = "19.3.0"
description = "Classes Without Boilerplate"
category = "main"
optional = false
python-versions = ">=2.7, !=3.0.*, !=3.1.*, !=3.2.*, !=3.3.*"

[package.extras]
azure-pipelines = ["coverage", "hypothesis", "pympler", "pytest (>=4.3.0)", "six", "zope.interface", "pytest-azurepipelines"]
dev = ["coverage", "hypothesis", "pympler", "pytest (>=4.3.0)", "six", "zope.interface", "sphinx", "pre-commit"]
docs = ["sphinx", "zope.interface"]
tests = ["coverage", "hypothesis", "pympler", "pytest (>=4.3.0)", "six", "zope.interface"]

[[package]]
name = "colorama"
version = "0.4.4"
description = "Cross-platform colored terminal text."
category = "main"
optional = false
python-versions = ">=2.7, !=3.0.*, !=3.1.*, !=3.2.*, !=3.3.*, !=3.4.*"

[[package]]
name = "commonmark"
version = "0.9.1"
description = "Python parser for the CommonMark Markdown spec"
category = "main"
optional = false
python-versions = "*"

[package.extras]
test = ["flake8 (3.7.8)", "hypothesis (3.55.3)"]

[[package]]
name = "evdev"
version = "1.3.0"
description = "Bindings to the Linux input handling subsystem"
category = "main"
optional = false
python-versions = "*"

[[package]]
name = "janus"
version = "0.5.0"
description = "Mixed sync-async queue to interoperate between asyncio tasks and classic threads"
category = "main"
optional = false
python-versions = ">=3.5.3"

[[package]]
name = "pygments"
version = "2.7.2"
description = "Pygments is a syntax highlighting package written in Python."
category = "main"
optional = false
python-versions = ">=3.5"

[[package]]
name = "pynput"
version = "1.7.1"
description = "Monitor and control user input devices"
category = "main"
optional = false
python-versions = "*"

[package.dependencies]
evdev = {version = ">=1.3", markers = "sys_platform in \"linux\""}
pyobjc-framework-Quartz = {version = ">=3.0", markers = "sys_platform == \"darwin\""}
python-xlib = {version = ">=0.17", markers = "sys_platform in \"linux\""}
six = "*"

[[package]]
name = "pyobjc-core"
version = "6.2.2"
description = "Python<->ObjC Interoperability Module"
category = "main"
optional = false
python-versions = ">=3.6"

[[package]]
name = "pyobjc-framework-cocoa"
version = "6.2.2"
description = "Wrappers for the Cocoa frameworks on macOS"
category = "main"
optional = false
python-versions = ">=3.6"

[package.dependencies]
pyobjc-core = ">=6.2.2"

[[package]]
name = "pyobjc-framework-quartz"
version = "6.2.2"
description = "Wrappers for the Quartz frameworks on macOS"
category = "main"
optional = false
python-versions = ">=3.6"

[package.dependencies]
pyobjc-core = ">=6.2.2"
pyobjc-framework-Cocoa = ">=6.2.2"

[[package]]
name = "python-xlib"
version = "0.27"
description = "Python X Library"
category = "main"
optional = false
python-versions = "*"

[package.dependencies]
six = ">=1.10.0"

[[package]]
name = "rich"
version = "9.2.0"
description = "Render rich text, tables, progress bars, syntax highlighting, markdown and more to the terminal"
category = "main"
optional = false
python-versions = ">=3.6,<4.0"

[package.dependencies]
colorama = ">=0.4.0,<0.5.0"
commonmark = ">=0.9.0,<0.10.0"
pygments = ">=2.6.0,<3.0.0"
typing-extensions = ">=3.7.4,<4.0.0"

[package.extras]
jupyter = ["ipywidgets (>=7.5.1,<8.0.0)"]

[[package]]
name = "six"
version = "1.15.0"
description = "Python 2 and 3 compatibility utilities"
category = "main"
optional = false
python-versions = ">=2.7, !=3.0.*, !=3.1.*, !=3.2.*"

[[package]]
name = "typing-extensions"
version = "3.7.4.3"
description = "Backported and Experimental Type Hints for Python 3.5+"
category = "main"
optional = false
python-versions = "*"

[metadata]
lock-version = "1.1"
python-versions = "^3.8"
content-hash = "d66b48b5db46ece63c14ecd4c44221e0a4942613479825fffc214ca9b2bf21f8"

[metadata.files]
async-timeout = [
    {file = "async-timeout-3.0.1.tar.gz", hash = "sha256:0c3c816a028d47f659d6ff5c745cb2acf1f966da1fe5c19c77a70282b25f4c5f"},
    {file = "async_timeout-3.0.1-py3-none-any.whl", hash = "sha256:4291ca197d287d274d0b6cb5d6f8f8f82d434ed288f962539ff18cc9012f9ea3"},
]
attrs = [
    {file = "attrs-19.3.0-py2.py3-none-any.whl", hash = "sha256:08a96c641c3a74e44eb59afb61a24f2cb9f4d7188748e76ba4bb5edfa3cb7d1c"},
    {file = "attrs-19.3.0.tar.gz", hash = "sha256:f7b7ce16570fe9965acd6d30101a28f62fb4a7f9e926b3bbc9b61f8b04247e72"},
]
colorama = [
    {file = "colorama-0.4.4-py2.py3-none-any.whl", hash = "sha256:9f47eda37229f68eee03b24b9748937c7dc3868f906e8ba69fbcbdd3bc5dc3e2"},
    {file = "colorama-0.4.4.tar.gz", hash = "sha256:5941b2b48a20143d2267e95b1c2a7603ce057ee39fd88e7329b0c292aa16869b"},
]
commonmark = [
    {file = "commonmark-0.9.1-py2.py3-none-any.whl", hash = "sha256:da2f38c92590f83de410ba1a3cbceafbc74fee9def35f9251ba9a971d6d66fd9"},
    {file = "commonmark-0.9.1.tar.gz", hash = "sha256:452f9dc859be7f06631ddcb328b6919c67984aca654e5fefb3914d54691aed60"},
]
evdev = [
    {file = "evdev-1.3.0.tar.gz", hash = "sha256:b1c649b4fed7252711011da235782b2c260b32e004058d62473471e5cd30634d"},
]
janus = [
    {file = "janus-0.5.0-py3-none-any.whl", hash = "sha256:f35c78f9cd13899438cce525e6ebabc7f8ad5f1b26b2f7d9ae153b4499acc84a"},
    {file = "janus-0.5.0.tar.gz", hash = "sha256:0700f5537d076521851d19b7625545c5e76f6d5792ab17984f28230adcc3b34c"},
]
pygments = [
    {file = "Pygments-2.7.2-py3-none-any.whl", hash = "sha256:88a0bbcd659fcb9573703957c6b9cff9fab7295e6e76db54c9d00ae42df32773"},
    {file = "Pygments-2.7.2.tar.gz", hash = "sha256:381985fcc551eb9d37c52088a32914e00517e57f4a21609f48141ba08e193fa0"},
]
pynput = [
    {file = "pynput-1.7.1-py2.py3-none-any.whl", hash = "sha256:b2b96cec8411a940a7f73da6965f13927d03d46fb5105c5bc63ed04f29b2b8f0"},
    {file = "pynput-1.7.1-py3.8.egg", hash = "sha256:452e1f23ed1c2e85e61b2daedc8b6a5481a696b1ed1b98ef0ab164038a104adf"},
    {file = "pynput-1.7.1.tar.gz", hash = "sha256:5a5598bfb14322eff980ac6ca820635fce9028faa4f64a8e1581243aaf6785ee"},
]
pyobjc-core = [
    {file = "pyobjc-core-6.2.2.tar.gz", hash = "sha256:38e7b15a042439dadd18b28b78229e52fb882460fc16ddbae342b9972d5a827c"},
    {file = "pyobjc_core-6.2.2-cp36-cp36m-macosx_10_9_x86_64.whl", hash = "sha256:73938398559b718595076fce4921022f21983dd85ebace3ecbe6182697abe164"},
    {file = "pyobjc_core-6.2.2-cp37-cp37m-macosx_10_9_x86_64.whl", hash = "sha256:60d0c57de915b6ed91a9a26e3bdefdcaeb1288623c69f291338208c5a227d190"},
    {file = "pyobjc_core-6.2.2-cp38-cp38-macosx_10_9_x86_64.whl", hash = "sha256:be312b7a0edb45dd8ea68e70f2b411b59677d4ceb513c48eace73cb78dbfd85f"},
    {file = "pyobjc_core-6.2.2-cp39-cp39-macosx_10_9_x86_64.whl", hash = "sha256:47a89171d218905dbf13011b1a7d698c246cb66fb5f14119bc0d9e039d0486fa"},
]
pyobjc-framework-cocoa = [
    {file = "pyobjc-framework-Cocoa-6.2.2.tar.gz", hash = "sha256:75821b98fb789d240bea7034c4f96396b2eac3e7b02428b4be9101fc899b7fc3"},
    {file = "pyobjc_framework_Cocoa-6.2.2-cp36-cp36m-macosx_10_9_x86_64.whl", hash = "sha256:779299f73b8b5a1dd0973b3b16bd706e1f67df44edfb3f3ca6e5e873591c0efc"},
    {file = "pyobjc_framework_Cocoa-6.2.2-cp37-cp37m-macosx_10_9_x86_64.whl", hash = "sha256:45e3011efbd8ab4eb4c7ee1f55a8b5ecb41cf66fa797aff0e9454060781645a0"},
    {file = "pyobjc_framework_Cocoa-6.2.2-cp38-cp38-macosx_10_9_x86_64.whl", hash = "sha256:2a5ab2e33cafe577592c31b2663f3b23f6e142fd717c8cf3826394a380cc4353"},
    {file = "pyobjc_framework_Cocoa-6.2.2-cp39-cp39-macosx_10_9_x86_64.whl", hash = "sha256:6f5e1d59f6e1f4be40dedf051925b8d90c561657c9ec2453652af033fe5c2bf0"},
]
pyobjc-framework-quartz = [
    {file = "pyobjc-framework-Quartz-6.2.2.tar.gz", hash = "sha256:5a56cfc0289061eaf33f04e3c73e749e04f177b0c1ee8749aa46e87d1e897cda"},
    {file = "pyobjc_framework_Quartz-6.2.2-cp36-cp36m-macosx_10_9_x86_64.whl", hash = "sha256:56d183dc32b11f15ceb0833a2a24953d1212264f07c274e2b8878e691eb72472"},
    {file = "pyobjc_framework_Quartz-6.2.2-cp37-cp37m-macosx_10_9_x86_64.whl", hash = "sha256:a57c7f50286d96ee7b9051c657a8607f0449949891cf0697be3efac76a97be7e"},
    {file = "pyobjc_framework_Quartz-6.2.2-cp38-cp38-macosx_10_9_x86_64.whl", hash = "sha256:552b15eb409f87d34870345feabe6695375a031d8c4063f175dbaa3422005160"},
    {file = "pyobjc_framework_Quartz-6.2.2-cp39-cp39-macosx_10_9_x86_64.whl", hash = "sha256:15f3c7b50d0543f66b927e28cd336c1a6962d58c9808799f49dcf30e4a1a13c2"},
]
python-xlib = [
    {file = "python-xlib-0.27.tar.bz2", hash = "sha256:a90667c70905c6ef0754c8a09fa61acbc1e1b7ddb946d527831800d7cbfe9348"},
    {file = "python_xlib-0.27-py2.py3-none-any.whl", hash = "sha256:b251d6679796af4ddabc02b170a5c38eda41f92a83d08fdcfeef5841c6467ac7"},
]
rich = [
    {file = "rich-9.2.0-py3-none-any.whl", hash = "sha256:564fee761e0756c3a4fbe97517166703754e11b4e861983cf184c78c9de8b570"},
    {file = "rich-9.2.0.tar.gz", hash = "sha256:7003a1cce3b79bf4d34a26099b00a4b67e208d4a6896a1c25368603d5f49f295"},
]
six = [
    {file = "six-1.15.0-py2.py3-none-any.whl", hash = "sha256:8b74bedcbbbaca38ff6d7491d76f2b06b3592611af620f8426e82dddb04a5ced"},
    {file = "six-1.15.0.tar.gz", hash = "sha256:30639c035cdb23534cd4aa2dd52c3bf48f06e5f4a941509c8bafd8ce11080259"},
]
typing-extensions = [
    {file = "typing_extensions-3.7.4.3-py2-none-any.whl", hash = "sha256:dafc7639cde7f1b6e1acc0f457842a83e722ccca8eef5270af2d74792619a89f"},
    {file = "typing_extensions-3.7.4.3-py3-none-any.whl", hash = "sha256:7cb407020f00f7bfc3cb3e7881628838e69d8f3fcab2f64742a5e76b2f841918"},
    {file = "typing_extensions-3.7.4.3.tar.gz", hash = "sha256:99d4073b617d30288f569d3f13d2bd7548c3a7e4c8de87db09a9d29bb3a4a60c"},
]
